
Microsoft Visual Studio Solution File, Format Version 12.00
# Visual Studio Version 17
VisualStudioVersion = 17.14.36310.24 d17.14
MinimumVisualStudioVersion = 10.0.40219.1
Project("{FAE04EC0-301F-11D3-BF4B-00C04F79EFBC}") = "SensorSolutions", "SensorSolutions\SensorSolutions.csproj", "{FC27A742-8831-4522-A587-0E354BBA2B65}"
EndProject
Global
	GlobalSection(SolutionConfigurationPlatforms) = preSolution
		Debug|Any CPU = Debug|Any CPU
		Release|Any CPU = Release|Any CPU
	EndGlobalSection
	GlobalSection(ProjectConfigurationPlatforms) = postSolution
		{FC27A742-8831-4522-A587-0E354BBA2B65}.Debug|Any CPU.ActiveCfg = Debug|Any CPU
		{FC27A742-8831-4522-A587-0E354BBA2B65}.Debug|Any CPU.Build.0 = Debug|Any CPU
		{FC27A742-8831-4522-A587-0E354BBA2B65}.Release|Any CPU.ActiveCfg = Release|Any CPU
		{FC27A742-8831-4522-A587-0E354BBA2B65}.Release|Any CPU.Build.0 = Release|Any CPU
	EndGlobalSection
	GlobalSection(SolutionProperties) = preSolution
		HideSolutionNode = FALSE
	EndGlobalSection
	GlobalSection(ExtensibilityGlobals) = postSolution
		SolutionGuid = {A2560477-0BE6-4449-BF58-26B69DE46B44}
	EndGlobalSection
EndGlobal
